
Microsoft Visual Studio Solution File, Format Version 12.00
# Visual Studio Version 17
VisualStudioVersion = 17.13.35919.96 d17.13
MinimumVisualStudioVersion = 10.0.40219.1
Project("{FAE04EC0-301F-11D3-BF4B-00C04F79EFBC}") = "projekt", "projekt\projekt.csproj", "{37F11DE9-C56D-49AB-BD6B-4B1A9CA6F5CE}"
EndProject
Global
	GlobalSection(SolutionConfigurationPlatforms) = preSolution
		Debug|Any CPU = Debug|Any CPU
		Release|Any CPU = Release|Any CPU
	EndGlobalSection
	GlobalSection(ProjectConfigurationPlatforms) = postSolution
		{37F11DE9-C56D-49AB-BD6B-4B1A9CA6F5CE}.Debug|Any CPU.ActiveCfg = Debug|Any CPU
		{37F11DE9-C56D-49AB-BD6B-4B1A9CA6F5CE}.Debug|Any CPU.Build.0 = Debug|Any CPU
		{37F11DE9-C56D-49AB-BD6B-4B1A9CA6F5CE}.Release|Any CPU.ActiveCfg = Release|Any CPU
		{37F11DE9-C56D-49AB-BD6B-4B1A9CA6F5CE}.Release|Any CPU.Build.0 = Release|Any CPU
	EndGlobalSection
	GlobalSection(SolutionProperties) = preSolution
		HideSolutionNode = FALSE
	EndGlobalSection
	GlobalSection(ExtensibilityGlobals) = postSolution
		SolutionGuid = {35088806-A602-41EC-A392-68091048CD39}
	EndGlobalSection
EndGlobal
